
Microsoft Visual Studio Solution File, Format Version 12.00
# Visual Studio 14
VisualStudioVersion = 14.0.25420.1
MinimumVisualStudioVersion = 10.0.40219.1
Project("{2150E333-8FDC-42A3-9474-1A3956D46DE8}") = "test", "test", "{77E506F2-41ED-4853-8936-A3130B2AEF72}"
EndProject
Project("{8BC9CEB8-8B4A-11D0-8D11-00A0C91BC942}") = "ConsoleApplication1", "test\ConsoleApplication1\ConsoleApplication1.vcxproj", "{B974AE58-F586-4F17-BD39-5F57855AE743}"
EndProject
Project("{8BC9CEB8-8B4A-11D0-8D11-00A0C91BC942}") = "TemplateDemo", "test\TemplateDemo\TemplateDemo.vcxproj", "{30698731-EB0B-4A8F-BC0E-9C44DD03F6A7}"
EndProject
Project("{8BC9CEB8-8B4A-11D0-8D11-00A0C91BC942}") = "HttpDemo", "test\HttpDemo\HttpDemo.vcxproj", "{E5EE9087-0435-4199-AFFC-E2E965968E66}"
EndProject
Global
	GlobalSection(SolutionConfigurationPlatforms) = preSolution
		Debug|x64 = Debug|x64
		Debug|x86 = Debug|x86
		Release|x64 = Release|x64
		Release|x86 = Release|x86
	EndGlobalSection
	GlobalSection(ProjectConfigurationPlatforms) = postSolution
		{B974AE58-F586-4F17-BD39-5F57855AE743}.Debug|x64.ActiveCfg = Debug|x64
		{B974AE58-F586-4F17-BD39-5F57855AE743}.Debug|x64.Build.0 = Debug|x64
		{B974AE58-F586-4F17-BD39-5F57855AE743}.Debug|x86.ActiveCfg = Debug|Win32
		{B974AE58-F586-4F17-BD39-5F57855AE743}.Debug|x86.Build.0 = Debug|Win32
		{B974AE58-F586-4F17-BD39-5F57855AE743}.Release|x64.ActiveCfg = Release|x64
		{B974AE58-F586-4F17-BD39-5F57855AE743}.Release|x64.Build.0 = Release|x64
		{B974AE58-F586-4F17-BD39-5F57855AE743}.Release|x86.ActiveCfg = Release|Win32
		{B974AE58-F586-4F17-BD39-5F57855AE743}.Release|x86.Build.0 = Release|Win32
		{30698731-EB0B-4A8F-BC0E-9C44DD03F6A7}.Debug|x64.ActiveCfg = Debug|x64
		{30698731-EB0B-4A8F-BC0E-9C44DD03F6A7}.Debug|x64.Build.0 = Debug|x64
		{30698731-EB0B-4A8F-BC0E-9C44DD03F6A7}.Debug|x86.ActiveCfg = Debug|Win32
		{30698731-EB0B-4A8F-BC0E-9C44DD03F6A7}.Debug|x86.Build.0 = Debug|Win32
		{30698731-EB0B-4A8F-BC0E-9C44DD03F6A7}.Release|x64.ActiveCfg = Release|x64
		{30698731-EB0B-4A8F-BC0E-9C44DD03F6A7}.Release|x64.Build.0 = Release|x64
		{30698731-EB0B-4A8F-BC0E-9C44DD03F6A7}.Release|x86.ActiveCfg = Release|Win32
		{30698731-EB0B-4A8F-BC0E-9C44DD03F6A7}.Release|x86.Build.0 = Release|Win32
		{E5EE9087-0435-4199-AFFC-E2E965968E66}.Debug|x64.ActiveCfg = Debug|x64
		{E5EE9087-0435-4199-AFFC-E2E965968E66}.Debug|x64.Build.0 = Debug|x64
		{E5EE9087-0435-4199-AFFC-E2E965968E66}.Debug|x86.ActiveCfg = Debug|Win32
		{E5EE9087-0435-4199-AFFC-E2E965968E66}.Debug|x86.Build.0 = Debug|Win32
		{E5EE9087-0435-4199-AFFC-E2E965968E66}.Release|x64.ActiveCfg = Release|x64
		{E5EE9087-0435-4199-AFFC-E2E965968E66}.Release|x64.Build.0 = Release|x64
		{E5EE9087-0435-4199-AFFC-E2E965968E66}.Release|x86.ActiveCfg = Release|Win32
		{E5EE9087-0435-4199-AFFC-E2E965968E66}.Release|x86.Build.0 = Release|Win32
	EndGlobalSection
	GlobalSection(SolutionProperties) = preSolution
		HideSolutionNode = FALSE
	EndGlobalSection
	GlobalSection(NestedProjects) = preSolution
		{B974AE58-F586-4F17-BD39-5F57855AE743} = {77E506F2-41ED-4853-8936-A3130B2AEF72}
		{30698731-EB0B-4A8F-BC0E-9C44DD03F6A7} = {77E506F2-41ED-4853-8936-A3130B2AEF72}
		{E5EE9087-0435-4199-AFFC-E2E965968E66} = {77E506F2-41ED-4853-8936-A3130B2AEF72}
	EndGlobalSection
EndGlobal
