
Microsoft Visual Studio Solution File, Format Version 12.00
# Visual Studio 14
VisualStudioVersion = 14.0.25420.1
MinimumVisualStudioVersion = 10.0.40219.1
Project("{8BC9CEB8-8B4A-11D0-8D11-00A0C91BC942}") = "HttpHelper", "HttpHelper\HttpHelper.vcxproj", "{4D48181C-CC30-43A3-9471-942FAC691701}"
EndProject
Project("{8BC9CEB8-8B4A-11D0-8D11-00A0C91BC942}") = "StringConvertor", "StringConvertor\StringConvertor.vcxproj", "{8DBD599E-97E3-4310-8F60-E6BE0F11C85C}"
EndProject
Project("{8BC9CEB8-8B4A-11D0-8D11-00A0C91BC942}") = "WinProcessUtils", "WinProcessUtils\WinProcessUtils.vcxproj", "{3531CCF0-F2F3-47BF-ADB5-E04B1B98D389}"
EndProject
Global
	GlobalSection(SolutionConfigurationPlatforms) = preSolution
		Debug|x64 = Debug|x64
		Debug|x86 = Debug|x86
		Release|x64 = Release|x64
		Release|x86 = Release|x86
	EndGlobalSection
	GlobalSection(ProjectConfigurationPlatforms) = postSolution
		{4D48181C-CC30-43A3-9471-942FAC691701}.Debug|x64.ActiveCfg = Debug|x64
		{4D48181C-CC30-43A3-9471-942FAC691701}.Debug|x64.Build.0 = Debug|x64
		{4D48181C-CC30-43A3-9471-942FAC691701}.Debug|x86.ActiveCfg = Debug|Win32
		{4D48181C-CC30-43A3-9471-942FAC691701}.Debug|x86.Build.0 = Debug|Win32
		{4D48181C-CC30-43A3-9471-942FAC691701}.Release|x64.ActiveCfg = Release|x64
		{4D48181C-CC30-43A3-9471-942FAC691701}.Release|x64.Build.0 = Release|x64
		{4D48181C-CC30-43A3-9471-942FAC691701}.Release|x86.ActiveCfg = Release|Win32
		{4D48181C-CC30-43A3-9471-942FAC691701}.Release|x86.Build.0 = Release|Win32
		{8DBD599E-97E3-4310-8F60-E6BE0F11C85C}.Debug|x64.ActiveCfg = Debug|Win32
		{8DBD599E-97E3-4310-8F60-E6BE0F11C85C}.Debug|x86.ActiveCfg = Debug|Win32
		{8DBD599E-97E3-4310-8F60-E6BE0F11C85C}.Debug|x86.Build.0 = Debug|Win32
		{8DBD599E-97E3-4310-8F60-E6BE0F11C85C}.Release|x64.ActiveCfg = Release|Win32
		{8DBD599E-97E3-4310-8F60-E6BE0F11C85C}.Release|x86.ActiveCfg = Release|Win32
		{8DBD599E-97E3-4310-8F60-E6BE0F11C85C}.Release|x86.Build.0 = Release|Win32
		{3531CCF0-F2F3-47BF-ADB5-E04B1B98D389}.Debug|x64.ActiveCfg = Debug|x64
		{3531CCF0-F2F3-47BF-ADB5-E04B1B98D389}.Debug|x64.Build.0 = Debug|x64
		{3531CCF0-F2F3-47BF-ADB5-E04B1B98D389}.Debug|x86.ActiveCfg = Debug|Win32
		{3531CCF0-F2F3-47BF-ADB5-E04B1B98D389}.Debug|x86.Build.0 = Debug|Win32
		{3531CCF0-F2F3-47BF-ADB5-E04B1B98D389}.Release|x64.ActiveCfg = Release|x64
		{3531CCF0-F2F3-47BF-ADB5-E04B1B98D389}.Release|x64.Build.0 = Release|x64
		{3531CCF0-F2F3-47BF-ADB5-E04B1B98D389}.Release|x86.ActiveCfg = Release|Win32
		{3531CCF0-F2F3-47BF-ADB5-E04B1B98D389}.Release|x86.Build.0 = Release|Win32
	EndGlobalSection
	GlobalSection(SolutionProperties) = preSolution
		HideSolutionNode = FALSE
	EndGlobalSection
EndGlobal
