
Microsoft Visual Studio Solution File, Format Version 12.00
# Visual Studio 14
VisualStudioVersion = 14.0.25420.1
MinimumVisualStudioVersion = 10.0.40219.1
Project("{8BC9CEB8-8B4A-11D0-8D11-00A0C91BC942}") = "cJSON", "cJSON\cJSON.vcxproj", "{B42D7AF0-7B91-49AD-A921-1CF81AE938F2}"
EndProject
Project("{8BC9CEB8-8B4A-11D0-8D11-00A0C91BC942}") = "libcnary", "libcnary\libcnary.vcxproj", "{2AD8B579-0C9D-4B61-9126-8A0E82610544}"
EndProject
Project("{8BC9CEB8-8B4A-11D0-8D11-00A0C91BC942}") = "libiconv", "libiconv\libiconv.vcxproj", "{5D7A125B-8385-4ED8-B677-B249551153AE}"
EndProject
Project("{8BC9CEB8-8B4A-11D0-8D11-00A0C91BC942}") = "libimobiledevice", "libimobiledevice\libimobiledevice.vcxproj", "{F60D1B79-9435-4A6C-BAD7-DE6AF4668CEC}"
EndProject
Project("{8BC9CEB8-8B4A-11D0-8D11-00A0C91BC942}") = "libplist", "libplist\libplist.vcxproj", "{0E0A6FC2-5037-4B5D-ACFE-6972D755471A}"
EndProject
Project("{8BC9CEB8-8B4A-11D0-8D11-00A0C91BC942}") = "libusbmuxd", "libusbmuxd\libusbmuxd.vcxproj", "{89120722-453F-4774-BB92-D134F4834020}"
EndProject
Project("{8BC9CEB8-8B4A-11D0-8D11-00A0C91BC942}") = "pcre", "pcre\pcre.vcxproj", "{2078A3FC-A2BC-43F1-89B7-72BA66323CC6}"
EndProject
Project("{8BC9CEB8-8B4A-11D0-8D11-00A0C91BC942}") = "pcre2", "pcre2\pcre2.vcxproj", "{167E892B-C35F-4FD0-9545-9B99B0857103}"
EndProject
Project("{8BC9CEB8-8B4A-11D0-8D11-00A0C91BC942}") = "pcrecpp", "pcrecpp\pcrecpp.vcxproj", "{E0A55ED0-0898-45DF-AD7B-B5E5CADF4113}"
EndProject
Project("{8BC9CEB8-8B4A-11D0-8D11-00A0C91BC942}") = "pthread", "pthread\pthread.vcxproj", "{E9C4B584-9AF6-47FB-8BC2-17BACD60CB56}"
EndProject
Project("{8BC9CEB8-8B4A-11D0-8D11-00A0C91BC942}") = "pugixml", "pugixml\pugixml.vcxproj", "{EF9C195F-A227-4B6C-920D-5F6B39DA2B0A}"
EndProject
Project("{8BC9CEB8-8B4A-11D0-8D11-00A0C91BC942}") = "sqlite3", "sqlite3\sqlite3.vcxproj", "{037B7D80-A252-4907-8A96-15096A7FDE80}"
EndProject
Project("{8BC9CEB8-8B4A-11D0-8D11-00A0C91BC942}") = "tinyxml", "tinyxml\tinyxml.vcxproj", "{532E3573-D21A-461F-AF1C-642CF5B73DA0}"
EndProject
Project("{8BC9CEB8-8B4A-11D0-8D11-00A0C91BC942}") = "tinyxml2", "tinyxml2\tinyxml2.vcxproj", "{5500D5B4-8759-46FD-A897-C4D0BD605CC2}"
EndProject
Project("{8BC9CEB8-8B4A-11D0-8D11-00A0C91BC942}") = "bit7z", "bit7z\bit7z.vcxproj", "{0ECEDD47-4EC9-3232-B099-20D54C597639}"
EndProject
Project("{8BC9CEB8-8B4A-11D0-8D11-00A0C91BC942}") = "libgen", "libgen\libgen.vcxproj", "{25BF5A55-AD05-4CD4-BBAD-9E068702CC41}"
EndProject
Project("{8BC9CEB8-8B4A-11D0-8D11-00A0C91BC942}") = "sqlcipher", "sqlcipher\sqlcipher.vcxproj", "{AF4FFEA4-A0AE-4A95-A6CF-69DFF28EBA9D}"
EndProject
Project("{2150E333-8FDC-42A3-9474-1A3956D46DE8}") = "protobuf", "protobuf", "{FD6F370A-166D-4256-9445-A775EB7599C7}"
EndProject
Project("{8BC9CEB8-8B4A-11D0-8D11-00A0C91BC942}") = "libprotobuf", "protobuf\build_x86\libprotobuf.vcxproj", "{65A1B020-BEB3-32EF-B443-077A2F5A1DFA}"
EndProject
Project("{8BC9CEB8-8B4A-11D0-8D11-00A0C91BC942}") = "libprotobuf-lite", "protobuf\build_x86\libprotobuf-lite.vcxproj", "{C08B4B97-D870-38E6-82B7-3BE5BF07E776}"
EndProject
Project("{8BC9CEB8-8B4A-11D0-8D11-00A0C91BC942}") = "libprotoc", "protobuf\build_x86\libprotoc.vcxproj", "{87DD445F-DC74-31FD-B5E4-DB8637E81CDE}"
EndProject
Project("{8BC9CEB8-8B4A-11D0-8D11-00A0C91BC942}") = "protoc", "protobuf\build_x86\protoc.vcxproj", "{EDB74CB8-40A7-3A23-9A2E-F9C985B902A9}"
EndProject
Project("{2150E333-8FDC-42A3-9474-1A3956D46DE8}") = "pcre", "pcre", "{31FF942C-3F30-402D-BCDE-89A604D2AB94}"
EndProject
Project("{2150E333-8FDC-42A3-9474-1A3956D46DE8}") = "xml", "xml", "{A1B6423C-67D8-4C70-9AA5-A6D4C594F5FA}"
EndProject
Project("{2150E333-8FDC-42A3-9474-1A3956D46DE8}") = "json", "json", "{F4EE2618-33C0-4828-A081-080DAA03E7D4}"
EndProject
Global
	GlobalSection(SolutionConfigurationPlatforms) = preSolution
		Debug|x64 = Debug|x64
		Debug|x86 = Debug|x86
		MinSizeRel|x64 = MinSizeRel|x64
		MinSizeRel|x86 = MinSizeRel|x86
		Release|x64 = Release|x64
		Release|x86 = Release|x86
		RelWithDebInfo|x64 = RelWithDebInfo|x64
		RelWithDebInfo|x86 = RelWithDebInfo|x86
	EndGlobalSection
	GlobalSection(ProjectConfigurationPlatforms) = postSolution
		{B42D7AF0-7B91-49AD-A921-1CF81AE938F2}.Debug|x64.ActiveCfg = Debug|Win32
		{B42D7AF0-7B91-49AD-A921-1CF81AE938F2}.Debug|x86.ActiveCfg = Debug|Win32
		{B42D7AF0-7B91-49AD-A921-1CF81AE938F2}.Debug|x86.Build.0 = Debug|Win32
		{B42D7AF0-7B91-49AD-A921-1CF81AE938F2}.MinSizeRel|x64.ActiveCfg = Release|Win32
		{B42D7AF0-7B91-49AD-A921-1CF81AE938F2}.MinSizeRel|x64.Build.0 = Release|Win32
		{B42D7AF0-7B91-49AD-A921-1CF81AE938F2}.MinSizeRel|x86.ActiveCfg = Release|Win32
		{B42D7AF0-7B91-49AD-A921-1CF81AE938F2}.MinSizeRel|x86.Build.0 = Release|Win32
		{B42D7AF0-7B91-49AD-A921-1CF81AE938F2}.Release|x64.ActiveCfg = Release|Win32
		{B42D7AF0-7B91-49AD-A921-1CF81AE938F2}.Release|x86.ActiveCfg = Release|Win32
		{B42D7AF0-7B91-49AD-A921-1CF81AE938F2}.Release|x86.Build.0 = Release|Win32
		{B42D7AF0-7B91-49AD-A921-1CF81AE938F2}.RelWithDebInfo|x64.ActiveCfg = Release|Win32
		{B42D7AF0-7B91-49AD-A921-1CF81AE938F2}.RelWithDebInfo|x64.Build.0 = Release|Win32
		{B42D7AF0-7B91-49AD-A921-1CF81AE938F2}.RelWithDebInfo|x86.ActiveCfg = Release|Win32
		{B42D7AF0-7B91-49AD-A921-1CF81AE938F2}.RelWithDebInfo|x86.Build.0 = Release|Win32
		{2AD8B579-0C9D-4B61-9126-8A0E82610544}.Debug|x64.ActiveCfg = Debug|Win32
		{2AD8B579-0C9D-4B61-9126-8A0E82610544}.Debug|x86.ActiveCfg = Debug|Win32
		{2AD8B579-0C9D-4B61-9126-8A0E82610544}.Debug|x86.Build.0 = Debug|Win32
		{2AD8B579-0C9D-4B61-9126-8A0E82610544}.MinSizeRel|x64.ActiveCfg = Release|Win32
		{2AD8B579-0C9D-4B61-9126-8A0E82610544}.MinSizeRel|x64.Build.0 = Release|Win32
		{2AD8B579-0C9D-4B61-9126-8A0E82610544}.MinSizeRel|x86.ActiveCfg = Release|Win32
		{2AD8B579-0C9D-4B61-9126-8A0E82610544}.MinSizeRel|x86.Build.0 = Release|Win32
		{2AD8B579-0C9D-4B61-9126-8A0E82610544}.Release|x64.ActiveCfg = Release|Win32
		{2AD8B579-0C9D-4B61-9126-8A0E82610544}.Release|x86.ActiveCfg = Release|Win32
		{2AD8B579-0C9D-4B61-9126-8A0E82610544}.Release|x86.Build.0 = Release|Win32
		{2AD8B579-0C9D-4B61-9126-8A0E82610544}.RelWithDebInfo|x64.ActiveCfg = Release|Win32
		{2AD8B579-0C9D-4B61-9126-8A0E82610544}.RelWithDebInfo|x64.Build.0 = Release|Win32
		{2AD8B579-0C9D-4B61-9126-8A0E82610544}.RelWithDebInfo|x86.ActiveCfg = Release|Win32
		{2AD8B579-0C9D-4B61-9126-8A0E82610544}.RelWithDebInfo|x86.Build.0 = Release|Win32
		{5D7A125B-8385-4ED8-B677-B249551153AE}.Debug|x64.ActiveCfg = Debug|Win32
		{5D7A125B-8385-4ED8-B677-B249551153AE}.Debug|x86.ActiveCfg = Debug|Win32
		{5D7A125B-8385-4ED8-B677-B249551153AE}.Debug|x86.Build.0 = Debug|Win32
		{5D7A125B-8385-4ED8-B677-B249551153AE}.MinSizeRel|x64.ActiveCfg = Release|Win32
		{5D7A125B-8385-4ED8-B677-B249551153AE}.MinSizeRel|x64.Build.0 = Release|Win32
		{5D7A125B-8385-4ED8-B677-B249551153AE}.MinSizeRel|x86.ActiveCfg = Release|Win32
		{5D7A125B-8385-4ED8-B677-B249551153AE}.MinSizeRel|x86.Build.0 = Release|Win32
		{5D7A125B-8385-4ED8-B677-B249551153AE}.Release|x64.ActiveCfg = Release|Win32
		{5D7A125B-8385-4ED8-B677-B249551153AE}.Release|x86.ActiveCfg = Release|Win32
		{5D7A125B-8385-4ED8-B677-B249551153AE}.Release|x86.Build.0 = Release|Win32
		{5D7A125B-8385-4ED8-B677-B249551153AE}.RelWithDebInfo|x64.ActiveCfg = Release|Win32
		{5D7A125B-8385-4ED8-B677-B249551153AE}.RelWithDebInfo|x64.Build.0 = Release|Win32
		{5D7A125B-8385-4ED8-B677-B249551153AE}.RelWithDebInfo|x86.ActiveCfg = Release|Win32
		{5D7A125B-8385-4ED8-B677-B249551153AE}.RelWithDebInfo|x86.Build.0 = Release|Win32
		{F60D1B79-9435-4A6C-BAD7-DE6AF4668CEC}.Debug|x64.ActiveCfg = Debug|x64
		{F60D1B79-9435-4A6C-BAD7-DE6AF4668CEC}.Debug|x64.Build.0 = Debug|x64
		{F60D1B79-9435-4A6C-BAD7-DE6AF4668CEC}.Debug|x86.ActiveCfg = Debug|Win32
		{F60D1B79-9435-4A6C-BAD7-DE6AF4668CEC}.Debug|x86.Build.0 = Debug|Win32
		{F60D1B79-9435-4A6C-BAD7-DE6AF4668CEC}.MinSizeRel|x64.ActiveCfg = Release|x64
		{F60D1B79-9435-4A6C-BAD7-DE6AF4668CEC}.MinSizeRel|x64.Build.0 = Release|x64
		{F60D1B79-9435-4A6C-BAD7-DE6AF4668CEC}.MinSizeRel|x86.ActiveCfg = Release|Win32
		{F60D1B79-9435-4A6C-BAD7-DE6AF4668CEC}.MinSizeRel|x86.Build.0 = Release|Win32
		{F60D1B79-9435-4A6C-BAD7-DE6AF4668CEC}.Release|x64.ActiveCfg = Release|x64
		{F60D1B79-9435-4A6C-BAD7-DE6AF4668CEC}.Release|x64.Build.0 = Release|x64
		{F60D1B79-9435-4A6C-BAD7-DE6AF4668CEC}.Release|x86.ActiveCfg = Release|Win32
		{F60D1B79-9435-4A6C-BAD7-DE6AF4668CEC}.Release|x86.Build.0 = Release|Win32
		{F60D1B79-9435-4A6C-BAD7-DE6AF4668CEC}.RelWithDebInfo|x64.ActiveCfg = Release|x64
		{F60D1B79-9435-4A6C-BAD7-DE6AF4668CEC}.RelWithDebInfo|x64.Build.0 = Release|x64
		{F60D1B79-9435-4A6C-BAD7-DE6AF4668CEC}.RelWithDebInfo|x86.ActiveCfg = Release|Win32
		{F60D1B79-9435-4A6C-BAD7-DE6AF4668CEC}.RelWithDebInfo|x86.Build.0 = Release|Win32
		{0E0A6FC2-5037-4B5D-ACFE-6972D755471A}.Debug|x64.ActiveCfg = Debug|Win32
		{0E0A6FC2-5037-4B5D-ACFE-6972D755471A}.Debug|x86.ActiveCfg = Debug|Win32
		{0E0A6FC2-5037-4B5D-ACFE-6972D755471A}.Debug|x86.Build.0 = Debug|Win32
		{0E0A6FC2-5037-4B5D-ACFE-6972D755471A}.MinSizeRel|x64.ActiveCfg = Release|Win32
		{0E0A6FC2-5037-4B5D-ACFE-6972D755471A}.MinSizeRel|x64.Build.0 = Release|Win32
		{0E0A6FC2-5037-4B5D-ACFE-6972D755471A}.MinSizeRel|x86.ActiveCfg = Release|Win32
		{0E0A6FC2-5037-4B5D-ACFE-6972D755471A}.MinSizeRel|x86.Build.0 = Release|Win32
		{0E0A6FC2-5037-4B5D-ACFE-6972D755471A}.Release|x64.ActiveCfg = Release|Win32
		{0E0A6FC2-5037-4B5D-ACFE-6972D755471A}.Release|x86.ActiveCfg = Release|Win32
		{0E0A6FC2-5037-4B5D-ACFE-6972D755471A}.Release|x86.Build.0 = Release|Win32
		{0E0A6FC2-5037-4B5D-ACFE-6972D755471A}.RelWithDebInfo|x64.ActiveCfg = Release|Win32
		{0E0A6FC2-5037-4B5D-ACFE-6972D755471A}.RelWithDebInfo|x64.Build.0 = Release|Win32
		{0E0A6FC2-5037-4B5D-ACFE-6972D755471A}.RelWithDebInfo|x86.ActiveCfg = Release|Win32
		{0E0A6FC2-5037-4B5D-ACFE-6972D755471A}.RelWithDebInfo|x86.Build.0 = Release|Win32
		{89120722-453F-4774-BB92-D134F4834020}.Debug|x64.ActiveCfg = Debug|Win32
		{89120722-453F-4774-BB92-D134F4834020}.Debug|x86.ActiveCfg = Debug|Win32
		{89120722-453F-4774-BB92-D134F4834020}.Debug|x86.Build.0 = Debug|Win32
		{89120722-453F-4774-BB92-D134F4834020}.MinSizeRel|x64.ActiveCfg = Release|Win32
		{89120722-453F-4774-BB92-D134F4834020}.MinSizeRel|x64.Build.0 = Release|Win32
		{89120722-453F-4774-BB92-D134F4834020}.MinSizeRel|x86.ActiveCfg = Release|Win32
		{89120722-453F-4774-BB92-D134F4834020}.MinSizeRel|x86.Build.0 = Release|Win32
		{89120722-453F-4774-BB92-D134F4834020}.Release|x64.ActiveCfg = Release|Win32
		{89120722-453F-4774-BB92-D134F4834020}.Release|x86.ActiveCfg = Release|Win32
		{89120722-453F-4774-BB92-D134F4834020}.Release|x86.Build.0 = Release|Win32
		{89120722-453F-4774-BB92-D134F4834020}.RelWithDebInfo|x64.ActiveCfg = Release|Win32
		{89120722-453F-4774-BB92-D134F4834020}.RelWithDebInfo|x64.Build.0 = Release|Win32
		{89120722-453F-4774-BB92-D134F4834020}.RelWithDebInfo|x86.ActiveCfg = Release|Win32
		{89120722-453F-4774-BB92-D134F4834020}.RelWithDebInfo|x86.Build.0 = Release|Win32
		{2078A3FC-A2BC-43F1-89B7-72BA66323CC6}.Debug|x64.ActiveCfg = Debug|Win32
		{2078A3FC-A2BC-43F1-89B7-72BA66323CC6}.Debug|x86.ActiveCfg = Debug|Win32
		{2078A3FC-A2BC-43F1-89B7-72BA66323CC6}.Debug|x86.Build.0 = Debug|Win32
		{2078A3FC-A2BC-43F1-89B7-72BA66323CC6}.MinSizeRel|x64.ActiveCfg = Release|Win32
		{2078A3FC-A2BC-43F1-89B7-72BA66323CC6}.MinSizeRel|x64.Build.0 = Release|Win32
		{2078A3FC-A2BC-43F1-89B7-72BA66323CC6}.MinSizeRel|x86.ActiveCfg = Release|Win32
		{2078A3FC-A2BC-43F1-89B7-72BA66323CC6}.MinSizeRel|x86.Build.0 = Release|Win32
		{2078A3FC-A2BC-43F1-89B7-72BA66323CC6}.Release|x64.ActiveCfg = Release|Win32
		{2078A3FC-A2BC-43F1-89B7-72BA66323CC6}.Release|x86.ActiveCfg = Release|Win32
		{2078A3FC-A2BC-43F1-89B7-72BA66323CC6}.Release|x86.Build.0 = Release|Win32
		{2078A3FC-A2BC-43F1-89B7-72BA66323CC6}.RelWithDebInfo|x64.ActiveCfg = Release|Win32
		{2078A3FC-A2BC-43F1-89B7-72BA66323CC6}.RelWithDebInfo|x64.Build.0 = Release|Win32
		{2078A3FC-A2BC-43F1-89B7-72BA66323CC6}.RelWithDebInfo|x86.ActiveCfg = Release|Win32
		{2078A3FC-A2BC-43F1-89B7-72BA66323CC6}.RelWithDebInfo|x86.Build.0 = Release|Win32
		{167E892B-C35F-4FD0-9545-9B99B0857103}.Debug|x64.ActiveCfg = Debug|Win32
		{167E892B-C35F-4FD0-9545-9B99B0857103}.Debug|x86.ActiveCfg = Debug|Win32
		{167E892B-C35F-4FD0-9545-9B99B0857103}.Debug|x86.Build.0 = Debug|Win32
		{167E892B-C35F-4FD0-9545-9B99B0857103}.MinSizeRel|x64.ActiveCfg = Release|Win32
		{167E892B-C35F-4FD0-9545-9B99B0857103}.MinSizeRel|x64.Build.0 = Release|Win32
		{167E892B-C35F-4FD0-9545-9B99B0857103}.MinSizeRel|x86.ActiveCfg = Release|Win32
		{167E892B-C35F-4FD0-9545-9B99B0857103}.MinSizeRel|x86.Build.0 = Release|Win32
		{167E892B-C35F-4FD0-9545-9B99B0857103}.Release|x64.ActiveCfg = Release|Win32
		{167E892B-C35F-4FD0-9545-9B99B0857103}.Release|x86.ActiveCfg = Release|Win32
		{167E892B-C35F-4FD0-9545-9B99B0857103}.Release|x86.Build.0 = Release|Win32
		{167E892B-C35F-4FD0-9545-9B99B0857103}.RelWithDebInfo|x64.ActiveCfg = Release|Win32
		{167E892B-C35F-4FD0-9545-9B99B0857103}.RelWithDebInfo|x64.Build.0 = Release|Win32
		{167E892B-C35F-4FD0-9545-9B99B0857103}.RelWithDebInfo|x86.ActiveCfg = Release|Win32
		{167E892B-C35F-4FD0-9545-9B99B0857103}.RelWithDebInfo|x86.Build.0 = Release|Win32
		{E0A55ED0-0898-45DF-AD7B-B5E5CADF4113}.Debug|x64.ActiveCfg = Debug|Win32
		{E0A55ED0-0898-45DF-AD7B-B5E5CADF4113}.Debug|x86.ActiveCfg = Debug|Win32
		{E0A55ED0-0898-45DF-AD7B-B5E5CADF4113}.Debug|x86.Build.0 = Debug|Win32
		{E0A55ED0-0898-45DF-AD7B-B5E5CADF4113}.MinSizeRel|x64.ActiveCfg = Release|Win32
		{E0A55ED0-0898-45DF-AD7B-B5E5CADF4113}.MinSizeRel|x64.Build.0 = Release|Win32
		{E0A55ED0-0898-45DF-AD7B-B5E5CADF4113}.MinSizeRel|x86.ActiveCfg = Release|Win32
		{E0A55ED0-0898-45DF-AD7B-B5E5CADF4113}.MinSizeRel|x86.Build.0 = Release|Win32
		{E0A55ED0-0898-45DF-AD7B-B5E5CADF4113}.Release|x64.ActiveCfg = Release|Win32
		{E0A55ED0-0898-45DF-AD7B-B5E5CADF4113}.Release|x86.ActiveCfg = Release|Win32
		{E0A55ED0-0898-45DF-AD7B-B5E5CADF4113}.Release|x86.Build.0 = Release|Win32
		{E0A55ED0-0898-45DF-AD7B-B5E5CADF4113}.RelWithDebInfo|x64.ActiveCfg = Release|Win32
		{E0A55ED0-0898-45DF-AD7B-B5E5CADF4113}.RelWithDebInfo|x64.Build.0 = Release|Win32
		{E0A55ED0-0898-45DF-AD7B-B5E5CADF4113}.RelWithDebInfo|x86.ActiveCfg = Release|Win32
		{E0A55ED0-0898-45DF-AD7B-B5E5CADF4113}.RelWithDebInfo|x86.Build.0 = Release|Win32
		{E9C4B584-9AF6-47FB-8BC2-17BACD60CB56}.Debug|x64.ActiveCfg = Debug|Win32
		{E9C4B584-9AF6-47FB-8BC2-17BACD60CB56}.Debug|x86.ActiveCfg = Debug|Win32
		{E9C4B584-9AF6-47FB-8BC2-17BACD60CB56}.Debug|x86.Build.0 = Debug|Win32
		{E9C4B584-9AF6-47FB-8BC2-17BACD60CB56}.MinSizeRel|x64.ActiveCfg = Release|Win32
		{E9C4B584-9AF6-47FB-8BC2-17BACD60CB56}.MinSizeRel|x64.Build.0 = Release|Win32
		{E9C4B584-9AF6-47FB-8BC2-17BACD60CB56}.MinSizeRel|x86.ActiveCfg = Release|Win32
		{E9C4B584-9AF6-47FB-8BC2-17BACD60CB56}.MinSizeRel|x86.Build.0 = Release|Win32
		{E9C4B584-9AF6-47FB-8BC2-17BACD60CB56}.Release|x64.ActiveCfg = Release|Win32
		{E9C4B584-9AF6-47FB-8BC2-17BACD60CB56}.Release|x86.ActiveCfg = Release|Win32
		{E9C4B584-9AF6-47FB-8BC2-17BACD60CB56}.Release|x86.Build.0 = Release|Win32
		{E9C4B584-9AF6-47FB-8BC2-17BACD60CB56}.RelWithDebInfo|x64.ActiveCfg = Release|Win32
		{E9C4B584-9AF6-47FB-8BC2-17BACD60CB56}.RelWithDebInfo|x64.Build.0 = Release|Win32
		{E9C4B584-9AF6-47FB-8BC2-17BACD60CB56}.RelWithDebInfo|x86.ActiveCfg = Release|Win32
		{E9C4B584-9AF6-47FB-8BC2-17BACD60CB56}.RelWithDebInfo|x86.Build.0 = Release|Win32
		{EF9C195F-A227-4B6C-920D-5F6B39DA2B0A}.Debug|x64.ActiveCfg = Debug|Win32
		{EF9C195F-A227-4B6C-920D-5F6B39DA2B0A}.Debug|x86.ActiveCfg = Debug|Win32
		{EF9C195F-A227-4B6C-920D-5F6B39DA2B0A}.Debug|x86.Build.0 = Debug|Win32
		{EF9C195F-A227-4B6C-920D-5F6B39DA2B0A}.MinSizeRel|x64.ActiveCfg = Release|Win32
		{EF9C195F-A227-4B6C-920D-5F6B39DA2B0A}.MinSizeRel|x64.Build.0 = Release|Win32
		{EF9C195F-A227-4B6C-920D-5F6B39DA2B0A}.MinSizeRel|x86.ActiveCfg = Release|Win32
		{EF9C195F-A227-4B6C-920D-5F6B39DA2B0A}.MinSizeRel|x86.Build.0 = Release|Win32
		{EF9C195F-A227-4B6C-920D-5F6B39DA2B0A}.Release|x64.ActiveCfg = Release|Win32
		{EF9C195F-A227-4B6C-920D-5F6B39DA2B0A}.Release|x86.ActiveCfg = Release|Win32
		{EF9C195F-A227-4B6C-920D-5F6B39DA2B0A}.Release|x86.Build.0 = Release|Win32
		{EF9C195F-A227-4B6C-920D-5F6B39DA2B0A}.RelWithDebInfo|x64.ActiveCfg = Release|Win32
		{EF9C195F-A227-4B6C-920D-5F6B39DA2B0A}.RelWithDebInfo|x64.Build.0 = Release|Win32
		{EF9C195F-A227-4B6C-920D-5F6B39DA2B0A}.RelWithDebInfo|x86.ActiveCfg = Release|Win32
		{EF9C195F-A227-4B6C-920D-5F6B39DA2B0A}.RelWithDebInfo|x86.Build.0 = Release|Win32
		{037B7D80-A252-4907-8A96-15096A7FDE80}.Debug|x64.ActiveCfg = Debug|Win32
		{037B7D80-A252-4907-8A96-15096A7FDE80}.Debug|x86.ActiveCfg = Debug|Win32
		{037B7D80-A252-4907-8A96-15096A7FDE80}.Debug|x86.Build.0 = Debug|Win32
		{037B7D80-A252-4907-8A96-15096A7FDE80}.MinSizeRel|x64.ActiveCfg = Release|Win32
		{037B7D80-A252-4907-8A96-15096A7FDE80}.MinSizeRel|x64.Build.0 = Release|Win32
		{037B7D80-A252-4907-8A96-15096A7FDE80}.MinSizeRel|x86.ActiveCfg = Release|Win32
		{037B7D80-A252-4907-8A96-15096A7FDE80}.MinSizeRel|x86.Build.0 = Release|Win32
		{037B7D80-A252-4907-8A96-15096A7FDE80}.Release|x64.ActiveCfg = Release|Win32
		{037B7D80-A252-4907-8A96-15096A7FDE80}.Release|x86.ActiveCfg = Release|Win32
		{037B7D80-A252-4907-8A96-15096A7FDE80}.Release|x86.Build.0 = Release|Win32
		{037B7D80-A252-4907-8A96-15096A7FDE80}.RelWithDebInfo|x64.ActiveCfg = Release|Win32
		{037B7D80-A252-4907-8A96-15096A7FDE80}.RelWithDebInfo|x64.Build.0 = Release|Win32
		{037B7D80-A252-4907-8A96-15096A7FDE80}.RelWithDebInfo|x86.ActiveCfg = Release|Win32
		{037B7D80-A252-4907-8A96-15096A7FDE80}.RelWithDebInfo|x86.Build.0 = Release|Win32
		{532E3573-D21A-461F-AF1C-642CF5B73DA0}.Debug|x64.ActiveCfg = Debug|Win32
		{532E3573-D21A-461F-AF1C-642CF5B73DA0}.Debug|x86.ActiveCfg = Debug|Win32
		{532E3573-D21A-461F-AF1C-642CF5B73DA0}.Debug|x86.Build.0 = Debug|Win32
		{532E3573-D21A-461F-AF1C-642CF5B73DA0}.MinSizeRel|x64.ActiveCfg = Release|Win32
		{532E3573-D21A-461F-AF1C-642CF5B73DA0}.MinSizeRel|x64.Build.0 = Release|Win32
		{532E3573-D21A-461F-AF1C-642CF5B73DA0}.MinSizeRel|x86.ActiveCfg = Release|Win32
		{532E3573-D21A-461F-AF1C-642CF5B73DA0}.MinSizeRel|x86.Build.0 = Release|Win32
		{532E3573-D21A-461F-AF1C-642CF5B73DA0}.Release|x64.ActiveCfg = Release|Win32
		{532E3573-D21A-461F-AF1C-642CF5B73DA0}.Release|x86.ActiveCfg = Release|Win32
		{532E3573-D21A-461F-AF1C-642CF5B73DA0}.Release|x86.Build.0 = Release|Win32
		{532E3573-D21A-461F-AF1C-642CF5B73DA0}.RelWithDebInfo|x64.ActiveCfg = Release|Win32
		{532E3573-D21A-461F-AF1C-642CF5B73DA0}.RelWithDebInfo|x64.Build.0 = Release|Win32
		{532E3573-D21A-461F-AF1C-642CF5B73DA0}.RelWithDebInfo|x86.ActiveCfg = Release|Win32
		{532E3573-D21A-461F-AF1C-642CF5B73DA0}.RelWithDebInfo|x86.Build.0 = Release|Win32
		{5500D5B4-8759-46FD-A897-C4D0BD605CC2}.Debug|x64.ActiveCfg = Debug|Win32
		{5500D5B4-8759-46FD-A897-C4D0BD605CC2}.Debug|x86.ActiveCfg = Debug|Win32
		{5500D5B4-8759-46FD-A897-C4D0BD605CC2}.Debug|x86.Build.0 = Debug|Win32
		{5500D5B4-8759-46FD-A897-C4D0BD605CC2}.MinSizeRel|x64.ActiveCfg = Release|Win32
		{5500D5B4-8759-46FD-A897-C4D0BD605CC2}.MinSizeRel|x64.Build.0 = Release|Win32
		{5500D5B4-8759-46FD-A897-C4D0BD605CC2}.MinSizeRel|x86.ActiveCfg = Release|Win32
		{5500D5B4-8759-46FD-A897-C4D0BD605CC2}.MinSizeRel|x86.Build.0 = Release|Win32
		{5500D5B4-8759-46FD-A897-C4D0BD605CC2}.Release|x64.ActiveCfg = Release|Win32
		{5500D5B4-8759-46FD-A897-C4D0BD605CC2}.Release|x86.ActiveCfg = Release|Win32
		{5500D5B4-8759-46FD-A897-C4D0BD605CC2}.Release|x86.Build.0 = Release|Win32
		{5500D5B4-8759-46FD-A897-C4D0BD605CC2}.RelWithDebInfo|x64.ActiveCfg = Release|Win32
		{5500D5B4-8759-46FD-A897-C4D0BD605CC2}.RelWithDebInfo|x64.Build.0 = Release|Win32
		{5500D5B4-8759-46FD-A897-C4D0BD605CC2}.RelWithDebInfo|x86.ActiveCfg = Release|Win32
		{5500D5B4-8759-46FD-A897-C4D0BD605CC2}.RelWithDebInfo|x86.Build.0 = Release|Win32
		{0ECEDD47-4EC9-3232-B099-20D54C597639}.Debug|x64.ActiveCfg = Debug|x64
		{0ECEDD47-4EC9-3232-B099-20D54C597639}.Debug|x64.Build.0 = Debug|x64
		{0ECEDD47-4EC9-3232-B099-20D54C597639}.Debug|x86.ActiveCfg = Debug|Win32
		{0ECEDD47-4EC9-3232-B099-20D54C597639}.Debug|x86.Build.0 = Debug|Win32
		{0ECEDD47-4EC9-3232-B099-20D54C597639}.MinSizeRel|x64.ActiveCfg = Release|x64
		{0ECEDD47-4EC9-3232-B099-20D54C597639}.MinSizeRel|x64.Build.0 = Release|x64
		{0ECEDD47-4EC9-3232-B099-20D54C597639}.MinSizeRel|x86.ActiveCfg = Release|Win32
		{0ECEDD47-4EC9-3232-B099-20D54C597639}.MinSizeRel|x86.Build.0 = Release|Win32
		{0ECEDD47-4EC9-3232-B099-20D54C597639}.Release|x64.ActiveCfg = Release|x64
		{0ECEDD47-4EC9-3232-B099-20D54C597639}.Release|x64.Build.0 = Release|x64
		{0ECEDD47-4EC9-3232-B099-20D54C597639}.Release|x86.ActiveCfg = Release|Win32
		{0ECEDD47-4EC9-3232-B099-20D54C597639}.Release|x86.Build.0 = Release|Win32
		{0ECEDD47-4EC9-3232-B099-20D54C597639}.RelWithDebInfo|x64.ActiveCfg = Release|x64
		{0ECEDD47-4EC9-3232-B099-20D54C597639}.RelWithDebInfo|x64.Build.0 = Release|x64
		{0ECEDD47-4EC9-3232-B099-20D54C597639}.RelWithDebInfo|x86.ActiveCfg = Release|Win32
		{0ECEDD47-4EC9-3232-B099-20D54C597639}.RelWithDebInfo|x86.Build.0 = Release|Win32
		{25BF5A55-AD05-4CD4-BBAD-9E068702CC41}.Debug|x64.ActiveCfg = Debug|x64
		{25BF5A55-AD05-4CD4-BBAD-9E068702CC41}.Debug|x64.Build.0 = Debug|x64
		{25BF5A55-AD05-4CD4-BBAD-9E068702CC41}.Debug|x86.ActiveCfg = Debug|Win32
		{25BF5A55-AD05-4CD4-BBAD-9E068702CC41}.Debug|x86.Build.0 = Debug|Win32
		{25BF5A55-AD05-4CD4-BBAD-9E068702CC41}.MinSizeRel|x64.ActiveCfg = Release|x64
		{25BF5A55-AD05-4CD4-BBAD-9E068702CC41}.MinSizeRel|x64.Build.0 = Release|x64
		{25BF5A55-AD05-4CD4-BBAD-9E068702CC41}.MinSizeRel|x86.ActiveCfg = Release|Win32
		{25BF5A55-AD05-4CD4-BBAD-9E068702CC41}.MinSizeRel|x86.Build.0 = Release|Win32
		{25BF5A55-AD05-4CD4-BBAD-9E068702CC41}.Release|x64.ActiveCfg = Release|x64
		{25BF5A55-AD05-4CD4-BBAD-9E068702CC41}.Release|x64.Build.0 = Release|x64
		{25BF5A55-AD05-4CD4-BBAD-9E068702CC41}.Release|x86.ActiveCfg = Release|Win32
		{25BF5A55-AD05-4CD4-BBAD-9E068702CC41}.Release|x86.Build.0 = Release|Win32
		{25BF5A55-AD05-4CD4-BBAD-9E068702CC41}.RelWithDebInfo|x64.ActiveCfg = Release|x64
		{25BF5A55-AD05-4CD4-BBAD-9E068702CC41}.RelWithDebInfo|x64.Build.0 = Release|x64
		{25BF5A55-AD05-4CD4-BBAD-9E068702CC41}.RelWithDebInfo|x86.ActiveCfg = Release|Win32
		{25BF5A55-AD05-4CD4-BBAD-9E068702CC41}.RelWithDebInfo|x86.Build.0 = Release|Win32
		{AF4FFEA4-A0AE-4A95-A6CF-69DFF28EBA9D}.Debug|x64.ActiveCfg = Debug|x64
		{AF4FFEA4-A0AE-4A95-A6CF-69DFF28EBA9D}.Debug|x64.Build.0 = Debug|x64
		{AF4FFEA4-A0AE-4A95-A6CF-69DFF28EBA9D}.Debug|x86.ActiveCfg = Debug|Win32
		{AF4FFEA4-A0AE-4A95-A6CF-69DFF28EBA9D}.Debug|x86.Build.0 = Debug|Win32
		{AF4FFEA4-A0AE-4A95-A6CF-69DFF28EBA9D}.MinSizeRel|x64.ActiveCfg = Release|x64
		{AF4FFEA4-A0AE-4A95-A6CF-69DFF28EBA9D}.MinSizeRel|x64.Build.0 = Release|x64
		{AF4FFEA4-A0AE-4A95-A6CF-69DFF28EBA9D}.MinSizeRel|x86.ActiveCfg = Release|Win32
		{AF4FFEA4-A0AE-4A95-A6CF-69DFF28EBA9D}.MinSizeRel|x86.Build.0 = Release|Win32
		{AF4FFEA4-A0AE-4A95-A6CF-69DFF28EBA9D}.Release|x64.ActiveCfg = Release|x64
		{AF4FFEA4-A0AE-4A95-A6CF-69DFF28EBA9D}.Release|x64.Build.0 = Release|x64
		{AF4FFEA4-A0AE-4A95-A6CF-69DFF28EBA9D}.Release|x86.ActiveCfg = Release|Win32
		{AF4FFEA4-A0AE-4A95-A6CF-69DFF28EBA9D}.Release|x86.Build.0 = Release|Win32
		{AF4FFEA4-A0AE-4A95-A6CF-69DFF28EBA9D}.RelWithDebInfo|x64.ActiveCfg = Release|x64
		{AF4FFEA4-A0AE-4A95-A6CF-69DFF28EBA9D}.RelWithDebInfo|x64.Build.0 = Release|x64
		{AF4FFEA4-A0AE-4A95-A6CF-69DFF28EBA9D}.RelWithDebInfo|x86.ActiveCfg = Release|Win32
		{AF4FFEA4-A0AE-4A95-A6CF-69DFF28EBA9D}.RelWithDebInfo|x86.Build.0 = Release|Win32
		{65A1B020-BEB3-32EF-B443-077A2F5A1DFA}.Debug|x64.ActiveCfg = Debug|Win32
		{65A1B020-BEB3-32EF-B443-077A2F5A1DFA}.Debug|x86.ActiveCfg = Debug|Win32
		{65A1B020-BEB3-32EF-B443-077A2F5A1DFA}.Debug|x86.Build.0 = Debug|Win32
		{65A1B020-BEB3-32EF-B443-077A2F5A1DFA}.MinSizeRel|x64.ActiveCfg = MinSizeRel|Win32
		{65A1B020-BEB3-32EF-B443-077A2F5A1DFA}.MinSizeRel|x86.ActiveCfg = MinSizeRel|Win32
		{65A1B020-BEB3-32EF-B443-077A2F5A1DFA}.MinSizeRel|x86.Build.0 = MinSizeRel|Win32
		{65A1B020-BEB3-32EF-B443-077A2F5A1DFA}.Release|x64.ActiveCfg = Release|Win32
		{65A1B020-BEB3-32EF-B443-077A2F5A1DFA}.Release|x86.ActiveCfg = Release|Win32
		{65A1B020-BEB3-32EF-B443-077A2F5A1DFA}.Release|x86.Build.0 = Release|Win32
		{65A1B020-BEB3-32EF-B443-077A2F5A1DFA}.RelWithDebInfo|x64.ActiveCfg = RelWithDebInfo|Win32
		{65A1B020-BEB3-32EF-B443-077A2F5A1DFA}.RelWithDebInfo|x86.ActiveCfg = RelWithDebInfo|Win32
		{65A1B020-BEB3-32EF-B443-077A2F5A1DFA}.RelWithDebInfo|x86.Build.0 = RelWithDebInfo|Win32
		{C08B4B97-D870-38E6-82B7-3BE5BF07E776}.Debug|x64.ActiveCfg = Debug|Win32
		{C08B4B97-D870-38E6-82B7-3BE5BF07E776}.Debug|x86.ActiveCfg = Debug|Win32
		{C08B4B97-D870-38E6-82B7-3BE5BF07E776}.Debug|x86.Build.0 = Debug|Win32
		{C08B4B97-D870-38E6-82B7-3BE5BF07E776}.MinSizeRel|x64.ActiveCfg = MinSizeRel|Win32
		{C08B4B97-D870-38E6-82B7-3BE5BF07E776}.MinSizeRel|x86.ActiveCfg = MinSizeRel|Win32
		{C08B4B97-D870-38E6-82B7-3BE5BF07E776}.MinSizeRel|x86.Build.0 = MinSizeRel|Win32
		{C08B4B97-D870-38E6-82B7-3BE5BF07E776}.Release|x64.ActiveCfg = Release|Win32
		{C08B4B97-D870-38E6-82B7-3BE5BF07E776}.Release|x86.ActiveCfg = Release|Win32
		{C08B4B97-D870-38E6-82B7-3BE5BF07E776}.Release|x86.Build.0 = Release|Win32
		{C08B4B97-D870-38E6-82B7-3BE5BF07E776}.RelWithDebInfo|x64.ActiveCfg = RelWithDebInfo|Win32
		{C08B4B97-D870-38E6-82B7-3BE5BF07E776}.RelWithDebInfo|x86.ActiveCfg = RelWithDebInfo|Win32
		{C08B4B97-D870-38E6-82B7-3BE5BF07E776}.RelWithDebInfo|x86.Build.0 = RelWithDebInfo|Win32
		{87DD445F-DC74-31FD-B5E4-DB8637E81CDE}.Debug|x64.ActiveCfg = Debug|Win32
		{87DD445F-DC74-31FD-B5E4-DB8637E81CDE}.Debug|x86.ActiveCfg = Debug|Win32
		{87DD445F-DC74-31FD-B5E4-DB8637E81CDE}.Debug|x86.Build.0 = Debug|Win32
		{87DD445F-DC74-31FD-B5E4-DB8637E81CDE}.MinSizeRel|x64.ActiveCfg = MinSizeRel|Win32
		{87DD445F-DC74-31FD-B5E4-DB8637E81CDE}.MinSizeRel|x86.ActiveCfg = MinSizeRel|Win32
		{87DD445F-DC74-31FD-B5E4-DB8637E81CDE}.MinSizeRel|x86.Build.0 = MinSizeRel|Win32
		{87DD445F-DC74-31FD-B5E4-DB8637E81CDE}.Release|x64.ActiveCfg = Release|Win32
		{87DD445F-DC74-31FD-B5E4-DB8637E81CDE}.Release|x86.ActiveCfg = Release|Win32
		{87DD445F-DC74-31FD-B5E4-DB8637E81CDE}.Release|x86.Build.0 = Release|Win32
		{87DD445F-DC74-31FD-B5E4-DB8637E81CDE}.RelWithDebInfo|x64.ActiveCfg = RelWithDebInfo|Win32
		{87DD445F-DC74-31FD-B5E4-DB8637E81CDE}.RelWithDebInfo|x86.ActiveCfg = RelWithDebInfo|Win32
		{87DD445F-DC74-31FD-B5E4-DB8637E81CDE}.RelWithDebInfo|x86.Build.0 = RelWithDebInfo|Win32
		{EDB74CB8-40A7-3A23-9A2E-F9C985B902A9}.Debug|x64.ActiveCfg = Debug|Win32
		{EDB74CB8-40A7-3A23-9A2E-F9C985B902A9}.Debug|x86.ActiveCfg = Debug|Win32
		{EDB74CB8-40A7-3A23-9A2E-F9C985B902A9}.Debug|x86.Build.0 = Debug|Win32
		{EDB74CB8-40A7-3A23-9A2E-F9C985B902A9}.MinSizeRel|x64.ActiveCfg = MinSizeRel|Win32
		{EDB74CB8-40A7-3A23-9A2E-F9C985B902A9}.MinSizeRel|x86.ActiveCfg = MinSizeRel|Win32
		{EDB74CB8-40A7-3A23-9A2E-F9C985B902A9}.MinSizeRel|x86.Build.0 = MinSizeRel|Win32
		{EDB74CB8-40A7-3A23-9A2E-F9C985B902A9}.Release|x64.ActiveCfg = Release|Win32
		{EDB74CB8-40A7-3A23-9A2E-F9C985B902A9}.Release|x86.ActiveCfg = Release|Win32
		{EDB74CB8-40A7-3A23-9A2E-F9C985B902A9}.Release|x86.Build.0 = Release|Win32
		{EDB74CB8-40A7-3A23-9A2E-F9C985B902A9}.RelWithDebInfo|x64.ActiveCfg = RelWithDebInfo|Win32
		{EDB74CB8-40A7-3A23-9A2E-F9C985B902A9}.RelWithDebInfo|x86.ActiveCfg = RelWithDebInfo|Win32
		{EDB74CB8-40A7-3A23-9A2E-F9C985B902A9}.RelWithDebInfo|x86.Build.0 = RelWithDebInfo|Win32
	EndGlobalSection
	GlobalSection(SolutionProperties) = preSolution
		HideSolutionNode = FALSE
	EndGlobalSection
	GlobalSection(NestedProjects) = preSolution
		{B42D7AF0-7B91-49AD-A921-1CF81AE938F2} = {F4EE2618-33C0-4828-A081-080DAA03E7D4}
		{2078A3FC-A2BC-43F1-89B7-72BA66323CC6} = {31FF942C-3F30-402D-BCDE-89A604D2AB94}
		{167E892B-C35F-4FD0-9545-9B99B0857103} = {31FF942C-3F30-402D-BCDE-89A604D2AB94}
		{E0A55ED0-0898-45DF-AD7B-B5E5CADF4113} = {31FF942C-3F30-402D-BCDE-89A604D2AB94}
		{EF9C195F-A227-4B6C-920D-5F6B39DA2B0A} = {A1B6423C-67D8-4C70-9AA5-A6D4C594F5FA}
		{532E3573-D21A-461F-AF1C-642CF5B73DA0} = {A1B6423C-67D8-4C70-9AA5-A6D4C594F5FA}
		{5500D5B4-8759-46FD-A897-C4D0BD605CC2} = {A1B6423C-67D8-4C70-9AA5-A6D4C594F5FA}
		{65A1B020-BEB3-32EF-B443-077A2F5A1DFA} = {FD6F370A-166D-4256-9445-A775EB7599C7}
		{C08B4B97-D870-38E6-82B7-3BE5BF07E776} = {FD6F370A-166D-4256-9445-A775EB7599C7}
		{87DD445F-DC74-31FD-B5E4-DB8637E81CDE} = {FD6F370A-166D-4256-9445-A775EB7599C7}
		{EDB74CB8-40A7-3A23-9A2E-F9C985B902A9} = {FD6F370A-166D-4256-9445-A775EB7599C7}
	EndGlobalSection
EndGlobal
