
Microsoft Visual Studio Solution File, Format Version 12.00
# Visual Studio Version 16
VisualStudioVersion = 16.0.31424.327
MinimumVisualStudioVersion = 10.0.40219.1
Project("{8BC9CEB8-8B4A-11D0-8D11-00A0C91BC942}") = "Base64Utils", "Base64Utils\Base64Utils.vcxproj", "{8B518276-58BF-4B2A-B7DC-E556CA506781}"
EndProject
Project("{8BC9CEB8-8B4A-11D0-8D11-00A0C91BC942}") = "FileUtils", "FileUtils\FileUtils.vcxproj", "{DD8F0762-29CD-4C79-BD0F-CEC26490994E}"
EndProject
Project("{8BC9CEB8-8B4A-11D0-8D11-00A0C91BC942}") = "ProcessUtils", "ProcessUtils\ProcessUtils.vcxproj", "{9CD39304-B365-4466-856D-FBBA35DE459E}"
EndProject
Project("{8BC9CEB8-8B4A-11D0-8D11-00A0C91BC942}") = "QuotedPrintableUtils", "QuotedPrintableUtils\QuotedPrintableUtils.vcxproj", "{5EE05E59-E9CA-48C6-BD11-353C89BF8A00}"
EndProject
Project("{8BC9CEB8-8B4A-11D0-8D11-00A0C91BC942}") = "StringUtils", "StringUtils\StringUtils.vcxproj", "{DD63B8DB-7805-4E2C-AF5A-E8E48FB0438F}"
EndProject
Project("{8BC9CEB8-8B4A-11D0-8D11-00A0C91BC942}") = "EmlUtils", "EmlUtils\EmlUtils.vcxproj", "{24D1857C-35C4-4426-A60C-40891C0914BB}"
EndProject
Project("{8BC9CEB8-8B4A-11D0-8D11-00A0C91BC942}") = "ImageUtils", "ImageUtils\ImageUtils.vcxproj", "{56AE970C-34CE-4323-A6C4-EF075349AAD8}"
EndProject
Project("{8BC9CEB8-8B4A-11D0-8D11-00A0C91BC942}") = "libiconv", "..\ThirdPartyLibrarys\character-encoding\libiconv\libiconv.vcxproj", "{6EB3C2BA-E883-409B-86D8-60AAA2FC98BB}"
EndProject
Global
	GlobalSection(SolutionConfigurationPlatforms) = preSolution
		Debug|x64 = Debug|x64
		Debug|x86 = Debug|x86
		Release|x64 = Release|x64
		Release|x86 = Release|x86
	EndGlobalSection
	GlobalSection(ProjectConfigurationPlatforms) = postSolution
		{8B518276-58BF-4B2A-B7DC-E556CA506781}.Debug|x64.ActiveCfg = Debug|x64
		{8B518276-58BF-4B2A-B7DC-E556CA506781}.Debug|x64.Build.0 = Debug|x64
		{8B518276-58BF-4B2A-B7DC-E556CA506781}.Debug|x86.ActiveCfg = Debug|Win32
		{8B518276-58BF-4B2A-B7DC-E556CA506781}.Debug|x86.Build.0 = Debug|Win32
		{8B518276-58BF-4B2A-B7DC-E556CA506781}.Release|x64.ActiveCfg = Release|x64
		{8B518276-58BF-4B2A-B7DC-E556CA506781}.Release|x64.Build.0 = Release|x64
		{8B518276-58BF-4B2A-B7DC-E556CA506781}.Release|x86.ActiveCfg = Release|Win32
		{8B518276-58BF-4B2A-B7DC-E556CA506781}.Release|x86.Build.0 = Release|Win32
		{DD8F0762-29CD-4C79-BD0F-CEC26490994E}.Debug|x64.ActiveCfg = Debug|x64
		{DD8F0762-29CD-4C79-BD0F-CEC26490994E}.Debug|x64.Build.0 = Debug|x64
		{DD8F0762-29CD-4C79-BD0F-CEC26490994E}.Debug|x86.ActiveCfg = Debug|Win32
		{DD8F0762-29CD-4C79-BD0F-CEC26490994E}.Debug|x86.Build.0 = Debug|Win32
		{DD8F0762-29CD-4C79-BD0F-CEC26490994E}.Release|x64.ActiveCfg = Release|x64
		{DD8F0762-29CD-4C79-BD0F-CEC26490994E}.Release|x64.Build.0 = Release|x64
		{DD8F0762-29CD-4C79-BD0F-CEC26490994E}.Release|x86.ActiveCfg = Release|Win32
		{DD8F0762-29CD-4C79-BD0F-CEC26490994E}.Release|x86.Build.0 = Release|Win32
		{9CD39304-B365-4466-856D-FBBA35DE459E}.Debug|x64.ActiveCfg = Debug|x64
		{9CD39304-B365-4466-856D-FBBA35DE459E}.Debug|x64.Build.0 = Debug|x64
		{9CD39304-B365-4466-856D-FBBA35DE459E}.Debug|x86.ActiveCfg = Debug|Win32
		{9CD39304-B365-4466-856D-FBBA35DE459E}.Debug|x86.Build.0 = Debug|Win32
		{9CD39304-B365-4466-856D-FBBA35DE459E}.Release|x64.ActiveCfg = Release|x64
		{9CD39304-B365-4466-856D-FBBA35DE459E}.Release|x64.Build.0 = Release|x64
		{9CD39304-B365-4466-856D-FBBA35DE459E}.Release|x86.ActiveCfg = Release|Win32
		{9CD39304-B365-4466-856D-FBBA35DE459E}.Release|x86.Build.0 = Release|Win32
		{5EE05E59-E9CA-48C6-BD11-353C89BF8A00}.Debug|x64.ActiveCfg = Debug|x64
		{5EE05E59-E9CA-48C6-BD11-353C89BF8A00}.Debug|x64.Build.0 = Debug|x64
		{5EE05E59-E9CA-48C6-BD11-353C89BF8A00}.Debug|x86.ActiveCfg = Debug|Win32
		{5EE05E59-E9CA-48C6-BD11-353C89BF8A00}.Debug|x86.Build.0 = Debug|Win32
		{5EE05E59-E9CA-48C6-BD11-353C89BF8A00}.Release|x64.ActiveCfg = Release|x64
		{5EE05E59-E9CA-48C6-BD11-353C89BF8A00}.Release|x64.Build.0 = Release|x64
		{5EE05E59-E9CA-48C6-BD11-353C89BF8A00}.Release|x86.ActiveCfg = Release|Win32
		{5EE05E59-E9CA-48C6-BD11-353C89BF8A00}.Release|x86.Build.0 = Release|Win32
		{DD63B8DB-7805-4E2C-AF5A-E8E48FB0438F}.Debug|x64.ActiveCfg = Debug|x64
		{DD63B8DB-7805-4E2C-AF5A-E8E48FB0438F}.Debug|x64.Build.0 = Debug|x64
		{DD63B8DB-7805-4E2C-AF5A-E8E48FB0438F}.Debug|x86.ActiveCfg = Debug|Win32
		{DD63B8DB-7805-4E2C-AF5A-E8E48FB0438F}.Debug|x86.Build.0 = Debug|Win32
		{DD63B8DB-7805-4E2C-AF5A-E8E48FB0438F}.Release|x64.ActiveCfg = Release|x64
		{DD63B8DB-7805-4E2C-AF5A-E8E48FB0438F}.Release|x64.Build.0 = Release|x64
		{DD63B8DB-7805-4E2C-AF5A-E8E48FB0438F}.Release|x86.ActiveCfg = Release|Win32
		{DD63B8DB-7805-4E2C-AF5A-E8E48FB0438F}.Release|x86.Build.0 = Release|Win32
		{24D1857C-35C4-4426-A60C-40891C0914BB}.Debug|x64.ActiveCfg = Debug|x64
		{24D1857C-35C4-4426-A60C-40891C0914BB}.Debug|x64.Build.0 = Debug|x64
		{24D1857C-35C4-4426-A60C-40891C0914BB}.Debug|x86.ActiveCfg = Debug|Win32
		{24D1857C-35C4-4426-A60C-40891C0914BB}.Debug|x86.Build.0 = Debug|Win32
		{24D1857C-35C4-4426-A60C-40891C0914BB}.Release|x64.ActiveCfg = Release|x64
		{24D1857C-35C4-4426-A60C-40891C0914BB}.Release|x64.Build.0 = Release|x64
		{24D1857C-35C4-4426-A60C-40891C0914BB}.Release|x86.ActiveCfg = Release|Win32
		{24D1857C-35C4-4426-A60C-40891C0914BB}.Release|x86.Build.0 = Release|Win32
		{56AE970C-34CE-4323-A6C4-EF075349AAD8}.Debug|x64.ActiveCfg = Debug|x64
		{56AE970C-34CE-4323-A6C4-EF075349AAD8}.Debug|x64.Build.0 = Debug|x64
		{56AE970C-34CE-4323-A6C4-EF075349AAD8}.Debug|x86.ActiveCfg = Debug|Win32
		{56AE970C-34CE-4323-A6C4-EF075349AAD8}.Debug|x86.Build.0 = Debug|Win32
		{56AE970C-34CE-4323-A6C4-EF075349AAD8}.Release|x64.ActiveCfg = Release|x64
		{56AE970C-34CE-4323-A6C4-EF075349AAD8}.Release|x64.Build.0 = Release|x64
		{56AE970C-34CE-4323-A6C4-EF075349AAD8}.Release|x86.ActiveCfg = Release|Win32
		{56AE970C-34CE-4323-A6C4-EF075349AAD8}.Release|x86.Build.0 = Release|Win32
		{6EB3C2BA-E883-409B-86D8-60AAA2FC98BB}.Debug|x64.ActiveCfg = Debug|x64
		{6EB3C2BA-E883-409B-86D8-60AAA2FC98BB}.Debug|x64.Build.0 = Debug|x64
		{6EB3C2BA-E883-409B-86D8-60AAA2FC98BB}.Debug|x86.ActiveCfg = Debug|Win32
		{6EB3C2BA-E883-409B-86D8-60AAA2FC98BB}.Debug|x86.Build.0 = Debug|Win32
		{6EB3C2BA-E883-409B-86D8-60AAA2FC98BB}.Release|x64.ActiveCfg = Release|x64
		{6EB3C2BA-E883-409B-86D8-60AAA2FC98BB}.Release|x64.Build.0 = Release|x64
		{6EB3C2BA-E883-409B-86D8-60AAA2FC98BB}.Release|x86.ActiveCfg = Release|Win32
		{6EB3C2BA-E883-409B-86D8-60AAA2FC98BB}.Release|x86.Build.0 = Release|Win32
	EndGlobalSection
	GlobalSection(SolutionProperties) = preSolution
		HideSolutionNode = FALSE
	EndGlobalSection
	GlobalSection(ExtensibilityGlobals) = postSolution
		SolutionGuid = {268EF6C9-F973-41D9-9A9D-D5A3C141587F}
	EndGlobalSection
EndGlobal
