Microsoft Visual Studio Solution File, Format Version 12.00
# Visual Studio 14
VisualStudioVersion = 14.0.25420.1
MinimumVisualStudioVersion = 10.0.40219.1
Project("{8BC9CEB8-8B4A-11D0-8D11-00A0C91BC942}") = "libprotobuf", "libprotobuf.vcxproj", "{65A1B020-BEB3-32EF-B443-077A2F5A1DFA}"
EndProject
Project("{8BC9CEB8-8B4A-11D0-8D11-00A0C91BC942}") = "libprotobuf-lite", "libprotobuf-lite.vcxproj", "{C08B4B97-D870-38E6-82B7-3BE5BF07E776}"
EndProject
Project("{8BC9CEB8-8B4A-11D0-8D11-00A0C91BC942}") = "libprotoc", "libprotoc.vcxproj", "{87DD445F-DC74-31FD-B5E4-DB8637E81CDE}"
	ProjectSection(ProjectDependencies) = postProject
		{65A1B020-BEB3-32EF-B443-077A2F5A1DFA} = {65A1B020-BEB3-32EF-B443-077A2F5A1DFA}
	EndProjectSection
EndProject
Project("{8BC9CEB8-8B4A-11D0-8D11-00A0C91BC942}") = "protoc", "protoc.vcxproj", "{EDB74CB8-40A7-3A23-9A2E-F9C985B902A9}"
	ProjectSection(ProjectDependencies) = postProject
		{65A1B020-BEB3-32EF-B443-077A2F5A1DFA} = {65A1B020-BEB3-32EF-B443-077A2F5A1DFA}
		{87DD445F-DC74-31FD-B5E4-DB8637E81CDE} = {87DD445F-DC74-31FD-B5E4-DB8637E81CDE}
	EndProjectSection
EndProject
Global
	GlobalSection(SolutionConfigurationPlatforms) = preSolution
		Debug|Win32 = Debug|Win32
		MinSizeRel|Win32 = MinSizeRel|Win32
		Release|Win32 = Release|Win32
		RelWithDebInfo|Win32 = RelWithDebInfo|Win32
	EndGlobalSection
	GlobalSection(ProjectConfigurationPlatforms) = postSolution
		{65A1B020-BEB3-32EF-B443-077A2F5A1DFA}.Debug|Win32.ActiveCfg = Debug|Win32
		{65A1B020-BEB3-32EF-B443-077A2F5A1DFA}.Debug|Win32.Build.0 = Debug|Win32
		{65A1B020-BEB3-32EF-B443-077A2F5A1DFA}.MinSizeRel|Win32.ActiveCfg = MinSizeRel|Win32
		{65A1B020-BEB3-32EF-B443-077A2F5A1DFA}.MinSizeRel|Win32.Build.0 = MinSizeRel|Win32
		{65A1B020-BEB3-32EF-B443-077A2F5A1DFA}.Release|Win32.ActiveCfg = Release|Win32
		{65A1B020-BEB3-32EF-B443-077A2F5A1DFA}.Release|Win32.Build.0 = Release|Win32
		{65A1B020-BEB3-32EF-B443-077A2F5A1DFA}.RelWithDebInfo|Win32.ActiveCfg = RelWithDebInfo|Win32
		{65A1B020-BEB3-32EF-B443-077A2F5A1DFA}.RelWithDebInfo|Win32.Build.0 = RelWithDebInfo|Win32
		{C08B4B97-D870-38E6-82B7-3BE5BF07E776}.Debug|Win32.ActiveCfg = Debug|Win32
		{C08B4B97-D870-38E6-82B7-3BE5BF07E776}.Debug|Win32.Build.0 = Debug|Win32
		{C08B4B97-D870-38E6-82B7-3BE5BF07E776}.MinSizeRel|Win32.ActiveCfg = MinSizeRel|Win32
		{C08B4B97-D870-38E6-82B7-3BE5BF07E776}.MinSizeRel|Win32.Build.0 = MinSizeRel|Win32
		{C08B4B97-D870-38E6-82B7-3BE5BF07E776}.Release|Win32.ActiveCfg = Release|Win32
		{C08B4B97-D870-38E6-82B7-3BE5BF07E776}.Release|Win32.Build.0 = Release|Win32
		{C08B4B97-D870-38E6-82B7-3BE5BF07E776}.RelWithDebInfo|Win32.ActiveCfg = RelWithDebInfo|Win32
		{C08B4B97-D870-38E6-82B7-3BE5BF07E776}.RelWithDebInfo|Win32.Build.0 = RelWithDebInfo|Win32
		{87DD445F-DC74-31FD-B5E4-DB8637E81CDE}.Debug|Win32.ActiveCfg = Debug|Win32
		{87DD445F-DC74-31FD-B5E4-DB8637E81CDE}.Debug|Win32.Build.0 = Debug|Win32
		{87DD445F-DC74-31FD-B5E4-DB8637E81CDE}.MinSizeRel|Win32.ActiveCfg = MinSizeRel|Win32
		{87DD445F-DC74-31FD-B5E4-DB8637E81CDE}.MinSizeRel|Win32.Build.0 = MinSizeRel|Win32
		{87DD445F-DC74-31FD-B5E4-DB8637E81CDE}.Release|Win32.ActiveCfg = Release|Win32
		{87DD445F-DC74-31FD-B5E4-DB8637E81CDE}.Release|Win32.Build.0 = Release|Win32
		{87DD445F-DC74-31FD-B5E4-DB8637E81CDE}.RelWithDebInfo|Win32.ActiveCfg = RelWithDebInfo|Win32
		{87DD445F-DC74-31FD-B5E4-DB8637E81CDE}.RelWithDebInfo|Win32.Build.0 = RelWithDebInfo|Win32
		{EDB74CB8-40A7-3A23-9A2E-F9C985B902A9}.Debug|Win32.ActiveCfg = Debug|Win32
		{EDB74CB8-40A7-3A23-9A2E-F9C985B902A9}.Debug|Win32.Build.0 = Debug|Win32
		{EDB74CB8-40A7-3A23-9A2E-F9C985B902A9}.MinSizeRel|Win32.ActiveCfg = MinSizeRel|Win32
		{EDB74CB8-40A7-3A23-9A2E-F9C985B902A9}.MinSizeRel|Win32.Build.0 = MinSizeRel|Win32
		{EDB74CB8-40A7-3A23-9A2E-F9C985B902A9}.Release|Win32.ActiveCfg = Release|Win32
		{EDB74CB8-40A7-3A23-9A2E-F9C985B902A9}.Release|Win32.Build.0 = Release|Win32
		{EDB74CB8-40A7-3A23-9A2E-F9C985B902A9}.RelWithDebInfo|Win32.ActiveCfg = RelWithDebInfo|Win32
		{EDB74CB8-40A7-3A23-9A2E-F9C985B902A9}.RelWithDebInfo|Win32.Build.0 = RelWithDebInfo|Win32
	EndGlobalSection
	GlobalSection(SolutionProperties) = preSolution
		HideSolutionNode = FALSE
	EndGlobalSection
	GlobalSection(ExtensibilityGlobals) = postSolution
		SolutionGuid = {07CDB9EC-88E2-3736-8D7C-51241CB91AAD}
	EndGlobalSection
EndGlobal
