
Microsoft Visual Studio Solution File, Format Version 12.00
# Visual Studio Version 16
VisualStudioVersion = 16.0.32002.261
MinimumVisualStudioVersion = 10.0.40219.1
Project("{2150E333-8FDC-42A3-9474-1A3956D46DE8}") = "Utils", "Utils", "{606D337D-1E58-4212-A59B-3A161DCEA41F}"
EndProject
Project("{2150E333-8FDC-42A3-9474-1A3956D46DE8}") = "test", "test", "{8F7A47F0-C918-4C72-8003-E9086B4142E6}"
EndProject
Project("{8BC9CEB8-8B4A-11D0-8D11-00A0C91BC942}") = "Base64Utils", "Utils\Base64Utils\Base64Utils.vcxproj", "{839CAE2D-6922-4B20-90AC-DA201AEBD2A4}"
EndProject
Project("{8BC9CEB8-8B4A-11D0-8D11-00A0C91BC942}") = "CurlWrapper", "Utils\CurlWrapper\CurlWrapper.vcxproj", "{27F62088-B511-4D77-9F1C-837E65FDD2AE}"
EndProject
Project("{8BC9CEB8-8B4A-11D0-8D11-00A0C91BC942}") = "EmlUtils", "Utils\EmlUtils\EmlUtils.vcxproj", "{FAC89E8A-0C7F-4E0B-94D9-0B5FBC8D4545}"
EndProject
Project("{8BC9CEB8-8B4A-11D0-8D11-00A0C91BC942}") = "FileUtils", "Utils\FileUtils\FileUtils.vcxproj", "{4F6444A9-870A-4507-81D9-9BD505E22A20}"
EndProject
Project("{8BC9CEB8-8B4A-11D0-8D11-00A0C91BC942}") = "ProcessUtils", "Utils\ProcessUtils\ProcessUtils.vcxproj", "{29FBDCD3-FADD-4E6C-9DBA-9C639BE6B85E}"
EndProject
Project("{8BC9CEB8-8B4A-11D0-8D11-00A0C91BC942}") = "QuotedPrintableUtils", "Utils\QuotedPrintableUtils\QuotedPrintableUtils.vcxproj", "{3A59DFFB-3463-405D-B7B7-D4D9B988F907}"
EndProject
Project("{8BC9CEB8-8B4A-11D0-8D11-00A0C91BC942}") = "StringUtils", "Utils\StringUtils\StringUtils.vcxproj", "{F816EBF6-65B7-49E7-99CC-CC514944ED44}"
EndProject
Project("{8BC9CEB8-8B4A-11D0-8D11-00A0C91BC942}") = "WinMutexWrapper", "Utils\WinMutexWrapper\WinMutexWrapper.vcxproj", "{92819AA8-D935-424B-B588-841CC739B891}"
EndProject
Project("{8BC9CEB8-8B4A-11D0-8D11-00A0C91BC942}") = "HttpDemo", "test\HttpDemo\HttpDemo.vcxproj", "{D6AD57BA-3679-4DF5-A2E4-8B15917788A6}"
EndProject
Project("{8BC9CEB8-8B4A-11D0-8D11-00A0C91BC942}") = "TemplateDemo", "test\TemplateDemo\TemplateDemo.vcxproj", "{3DFE2821-5DCA-4334-844C-03A3E54F77C0}"
EndProject
Project("{8BC9CEB8-8B4A-11D0-8D11-00A0C91BC942}") = "WindowsUtils", "Utils\WindowsUtils\WindowsUtils.vcxproj", "{6C2E1895-8FE5-42B8-A1F4-377E341BF3B2}"
EndProject
Project("{8BC9CEB8-8B4A-11D0-8D11-00A0C91BC942}") = "ConsoleApplication1", "test\ConsoleApplication1\ConsoleApplication1.vcxproj", "{96C1A8AB-E79F-4934-A275-03DA382C3D15}"
EndProject
Global
	GlobalSection(SolutionConfigurationPlatforms) = preSolution
		Debug|x64 = Debug|x64
		Debug|x86 = Debug|x86
		Release|x64 = Release|x64
		Release|x86 = Release|x86
	EndGlobalSection
	GlobalSection(ProjectConfigurationPlatforms) = postSolution
		{839CAE2D-6922-4B20-90AC-DA201AEBD2A4}.Debug|x64.ActiveCfg = Debug|x64
		{839CAE2D-6922-4B20-90AC-DA201AEBD2A4}.Debug|x64.Build.0 = Debug|x64
		{839CAE2D-6922-4B20-90AC-DA201AEBD2A4}.Debug|x86.ActiveCfg = Debug|Win32
		{839CAE2D-6922-4B20-90AC-DA201AEBD2A4}.Debug|x86.Build.0 = Debug|Win32
		{839CAE2D-6922-4B20-90AC-DA201AEBD2A4}.Release|x64.ActiveCfg = Release|x64
		{839CAE2D-6922-4B20-90AC-DA201AEBD2A4}.Release|x64.Build.0 = Release|x64
		{839CAE2D-6922-4B20-90AC-DA201AEBD2A4}.Release|x86.ActiveCfg = Release|Win32
		{839CAE2D-6922-4B20-90AC-DA201AEBD2A4}.Release|x86.Build.0 = Release|Win32
		{27F62088-B511-4D77-9F1C-837E65FDD2AE}.Debug|x64.ActiveCfg = Debug|x64
		{27F62088-B511-4D77-9F1C-837E65FDD2AE}.Debug|x64.Build.0 = Debug|x64
		{27F62088-B511-4D77-9F1C-837E65FDD2AE}.Debug|x86.ActiveCfg = Debug|Win32
		{27F62088-B511-4D77-9F1C-837E65FDD2AE}.Debug|x86.Build.0 = Debug|Win32
		{27F62088-B511-4D77-9F1C-837E65FDD2AE}.Release|x64.ActiveCfg = Release|x64
		{27F62088-B511-4D77-9F1C-837E65FDD2AE}.Release|x64.Build.0 = Release|x64
		{27F62088-B511-4D77-9F1C-837E65FDD2AE}.Release|x86.ActiveCfg = Release|Win32
		{27F62088-B511-4D77-9F1C-837E65FDD2AE}.Release|x86.Build.0 = Release|Win32
		{FAC89E8A-0C7F-4E0B-94D9-0B5FBC8D4545}.Debug|x64.ActiveCfg = Debug|x64
		{FAC89E8A-0C7F-4E0B-94D9-0B5FBC8D4545}.Debug|x64.Build.0 = Debug|x64
		{FAC89E8A-0C7F-4E0B-94D9-0B5FBC8D4545}.Debug|x86.ActiveCfg = Debug|Win32
		{FAC89E8A-0C7F-4E0B-94D9-0B5FBC8D4545}.Debug|x86.Build.0 = Debug|Win32
		{FAC89E8A-0C7F-4E0B-94D9-0B5FBC8D4545}.Release|x64.ActiveCfg = Release|x64
		{FAC89E8A-0C7F-4E0B-94D9-0B5FBC8D4545}.Release|x64.Build.0 = Release|x64
		{FAC89E8A-0C7F-4E0B-94D9-0B5FBC8D4545}.Release|x86.ActiveCfg = Release|Win32
		{FAC89E8A-0C7F-4E0B-94D9-0B5FBC8D4545}.Release|x86.Build.0 = Release|Win32
		{4F6444A9-870A-4507-81D9-9BD505E22A20}.Debug|x64.ActiveCfg = Debug|x64
		{4F6444A9-870A-4507-81D9-9BD505E22A20}.Debug|x64.Build.0 = Debug|x64
		{4F6444A9-870A-4507-81D9-9BD505E22A20}.Debug|x86.ActiveCfg = Debug|Win32
		{4F6444A9-870A-4507-81D9-9BD505E22A20}.Debug|x86.Build.0 = Debug|Win32
		{4F6444A9-870A-4507-81D9-9BD505E22A20}.Release|x64.ActiveCfg = Release|x64
		{4F6444A9-870A-4507-81D9-9BD505E22A20}.Release|x64.Build.0 = Release|x64
		{4F6444A9-870A-4507-81D9-9BD505E22A20}.Release|x86.ActiveCfg = Release|Win32
		{4F6444A9-870A-4507-81D9-9BD505E22A20}.Release|x86.Build.0 = Release|Win32
		{29FBDCD3-FADD-4E6C-9DBA-9C639BE6B85E}.Debug|x64.ActiveCfg = Debug|x64
		{29FBDCD3-FADD-4E6C-9DBA-9C639BE6B85E}.Debug|x64.Build.0 = Debug|x64
		{29FBDCD3-FADD-4E6C-9DBA-9C639BE6B85E}.Debug|x86.ActiveCfg = Debug|Win32
		{29FBDCD3-FADD-4E6C-9DBA-9C639BE6B85E}.Debug|x86.Build.0 = Debug|Win32
		{29FBDCD3-FADD-4E6C-9DBA-9C639BE6B85E}.Release|x64.ActiveCfg = Release|x64
		{29FBDCD3-FADD-4E6C-9DBA-9C639BE6B85E}.Release|x64.Build.0 = Release|x64
		{29FBDCD3-FADD-4E6C-9DBA-9C639BE6B85E}.Release|x86.ActiveCfg = Release|Win32
		{29FBDCD3-FADD-4E6C-9DBA-9C639BE6B85E}.Release|x86.Build.0 = Release|Win32
		{3A59DFFB-3463-405D-B7B7-D4D9B988F907}.Debug|x64.ActiveCfg = Debug|x64
		{3A59DFFB-3463-405D-B7B7-D4D9B988F907}.Debug|x64.Build.0 = Debug|x64
		{3A59DFFB-3463-405D-B7B7-D4D9B988F907}.Debug|x86.ActiveCfg = Debug|Win32
		{3A59DFFB-3463-405D-B7B7-D4D9B988F907}.Debug|x86.Build.0 = Debug|Win32
		{3A59DFFB-3463-405D-B7B7-D4D9B988F907}.Release|x64.ActiveCfg = Release|x64
		{3A59DFFB-3463-405D-B7B7-D4D9B988F907}.Release|x64.Build.0 = Release|x64
		{3A59DFFB-3463-405D-B7B7-D4D9B988F907}.Release|x86.ActiveCfg = Release|Win32
		{3A59DFFB-3463-405D-B7B7-D4D9B988F907}.Release|x86.Build.0 = Release|Win32
		{F816EBF6-65B7-49E7-99CC-CC514944ED44}.Debug|x64.ActiveCfg = Debug|x64
		{F816EBF6-65B7-49E7-99CC-CC514944ED44}.Debug|x64.Build.0 = Debug|x64
		{F816EBF6-65B7-49E7-99CC-CC514944ED44}.Debug|x86.ActiveCfg = Debug|Win32
		{F816EBF6-65B7-49E7-99CC-CC514944ED44}.Debug|x86.Build.0 = Debug|Win32
		{F816EBF6-65B7-49E7-99CC-CC514944ED44}.Release|x64.ActiveCfg = Release|x64
		{F816EBF6-65B7-49E7-99CC-CC514944ED44}.Release|x64.Build.0 = Release|x64
		{F816EBF6-65B7-49E7-99CC-CC514944ED44}.Release|x86.ActiveCfg = Release|Win32
		{F816EBF6-65B7-49E7-99CC-CC514944ED44}.Release|x86.Build.0 = Release|Win32
		{92819AA8-D935-424B-B588-841CC739B891}.Debug|x64.ActiveCfg = Debug|x64
		{92819AA8-D935-424B-B588-841CC739B891}.Debug|x64.Build.0 = Debug|x64
		{92819AA8-D935-424B-B588-841CC739B891}.Debug|x86.ActiveCfg = Debug|Win32
		{92819AA8-D935-424B-B588-841CC739B891}.Debug|x86.Build.0 = Debug|Win32
		{92819AA8-D935-424B-B588-841CC739B891}.Release|x64.ActiveCfg = Release|x64
		{92819AA8-D935-424B-B588-841CC739B891}.Release|x64.Build.0 = Release|x64
		{92819AA8-D935-424B-B588-841CC739B891}.Release|x86.ActiveCfg = Release|Win32
		{92819AA8-D935-424B-B588-841CC739B891}.Release|x86.Build.0 = Release|Win32
		{D6AD57BA-3679-4DF5-A2E4-8B15917788A6}.Debug|x64.ActiveCfg = Debug|x64
		{D6AD57BA-3679-4DF5-A2E4-8B15917788A6}.Debug|x64.Build.0 = Debug|x64
		{D6AD57BA-3679-4DF5-A2E4-8B15917788A6}.Debug|x86.ActiveCfg = Debug|Win32
		{D6AD57BA-3679-4DF5-A2E4-8B15917788A6}.Debug|x86.Build.0 = Debug|Win32
		{D6AD57BA-3679-4DF5-A2E4-8B15917788A6}.Release|x64.ActiveCfg = Release|x64
		{D6AD57BA-3679-4DF5-A2E4-8B15917788A6}.Release|x64.Build.0 = Release|x64
		{D6AD57BA-3679-4DF5-A2E4-8B15917788A6}.Release|x86.ActiveCfg = Release|Win32
		{D6AD57BA-3679-4DF5-A2E4-8B15917788A6}.Release|x86.Build.0 = Release|Win32
		{3DFE2821-5DCA-4334-844C-03A3E54F77C0}.Debug|x64.ActiveCfg = Debug|x64
		{3DFE2821-5DCA-4334-844C-03A3E54F77C0}.Debug|x64.Build.0 = Debug|x64
		{3DFE2821-5DCA-4334-844C-03A3E54F77C0}.Debug|x86.ActiveCfg = Debug|Win32
		{3DFE2821-5DCA-4334-844C-03A3E54F77C0}.Debug|x86.Build.0 = Debug|Win32
		{3DFE2821-5DCA-4334-844C-03A3E54F77C0}.Release|x64.ActiveCfg = Release|x64
		{3DFE2821-5DCA-4334-844C-03A3E54F77C0}.Release|x64.Build.0 = Release|x64
		{3DFE2821-5DCA-4334-844C-03A3E54F77C0}.Release|x86.ActiveCfg = Release|Win32
		{3DFE2821-5DCA-4334-844C-03A3E54F77C0}.Release|x86.Build.0 = Release|Win32
		{6C2E1895-8FE5-42B8-A1F4-377E341BF3B2}.Debug|x64.ActiveCfg = Debug|x64
		{6C2E1895-8FE5-42B8-A1F4-377E341BF3B2}.Debug|x64.Build.0 = Debug|x64
		{6C2E1895-8FE5-42B8-A1F4-377E341BF3B2}.Debug|x86.ActiveCfg = Debug|Win32
		{6C2E1895-8FE5-42B8-A1F4-377E341BF3B2}.Debug|x86.Build.0 = Debug|Win32
		{6C2E1895-8FE5-42B8-A1F4-377E341BF3B2}.Release|x64.ActiveCfg = Release|x64
		{6C2E1895-8FE5-42B8-A1F4-377E341BF3B2}.Release|x64.Build.0 = Release|x64
		{6C2E1895-8FE5-42B8-A1F4-377E341BF3B2}.Release|x86.ActiveCfg = Release|Win32
		{6C2E1895-8FE5-42B8-A1F4-377E341BF3B2}.Release|x86.Build.0 = Release|Win32
		{96C1A8AB-E79F-4934-A275-03DA382C3D15}.Debug|x64.ActiveCfg = Debug|x64
		{96C1A8AB-E79F-4934-A275-03DA382C3D15}.Debug|x64.Build.0 = Debug|x64
		{96C1A8AB-E79F-4934-A275-03DA382C3D15}.Debug|x86.ActiveCfg = Debug|Win32
		{96C1A8AB-E79F-4934-A275-03DA382C3D15}.Debug|x86.Build.0 = Debug|Win32
		{96C1A8AB-E79F-4934-A275-03DA382C3D15}.Release|x64.ActiveCfg = Release|x64
		{96C1A8AB-E79F-4934-A275-03DA382C3D15}.Release|x64.Build.0 = Release|x64
		{96C1A8AB-E79F-4934-A275-03DA382C3D15}.Release|x86.ActiveCfg = Release|Win32
		{96C1A8AB-E79F-4934-A275-03DA382C3D15}.Release|x86.Build.0 = Release|Win32
	EndGlobalSection
	GlobalSection(SolutionProperties) = preSolution
		HideSolutionNode = FALSE
	EndGlobalSection
	GlobalSection(NestedProjects) = preSolution
		{839CAE2D-6922-4B20-90AC-DA201AEBD2A4} = {606D337D-1E58-4212-A59B-3A161DCEA41F}
		{27F62088-B511-4D77-9F1C-837E65FDD2AE} = {606D337D-1E58-4212-A59B-3A161DCEA41F}
		{FAC89E8A-0C7F-4E0B-94D9-0B5FBC8D4545} = {606D337D-1E58-4212-A59B-3A161DCEA41F}
		{4F6444A9-870A-4507-81D9-9BD505E22A20} = {606D337D-1E58-4212-A59B-3A161DCEA41F}
		{29FBDCD3-FADD-4E6C-9DBA-9C639BE6B85E} = {606D337D-1E58-4212-A59B-3A161DCEA41F}
		{3A59DFFB-3463-405D-B7B7-D4D9B988F907} = {606D337D-1E58-4212-A59B-3A161DCEA41F}
		{F816EBF6-65B7-49E7-99CC-CC514944ED44} = {606D337D-1E58-4212-A59B-3A161DCEA41F}
		{92819AA8-D935-424B-B588-841CC739B891} = {606D337D-1E58-4212-A59B-3A161DCEA41F}
		{D6AD57BA-3679-4DF5-A2E4-8B15917788A6} = {8F7A47F0-C918-4C72-8003-E9086B4142E6}
		{3DFE2821-5DCA-4334-844C-03A3E54F77C0} = {8F7A47F0-C918-4C72-8003-E9086B4142E6}
		{6C2E1895-8FE5-42B8-A1F4-377E341BF3B2} = {606D337D-1E58-4212-A59B-3A161DCEA41F}
		{96C1A8AB-E79F-4934-A275-03DA382C3D15} = {8F7A47F0-C918-4C72-8003-E9086B4142E6}
	EndGlobalSection
	GlobalSection(ExtensibilityGlobals) = postSolution
		SolutionGuid = {A11F5242-34C4-46E0-84A8-387142C49557}
	EndGlobalSection
EndGlobal
